
Microsoft Visual Studio Solution File, Format Version 12.00
# Visual Studio Version 17
VisualStudioVersion = 17.4.33103.184
MinimumVisualStudioVersion = 10.0.40219.1
Project("{FAE04EC0-301F-11D3-BF4B-00C04F79EFBC}") = "Snack_Picker_GUI", "Snack_Picker_GUI\Snack_Picker_GUI.csproj", "{C49CE52D-7A6B-42DA-80C2-9257C8908715}"
EndProject
Global
	GlobalSection(SolutionConfigurationPlatforms) = preSolution
		Debug|Any CPU = Debug|Any CPU
		Release|Any CPU = Release|Any CPU
	EndGlobalSection
	GlobalSection(ProjectConfigurationPlatforms) = postSolution
		{C49CE52D-7A6B-42DA-80C2-9257C8908715}.Debug|Any CPU.ActiveCfg = Debug|Any CPU
		{C49CE52D-7A6B-42DA-80C2-9257C8908715}.Debug|Any CPU.Build.0 = Debug|Any CPU
		{C49CE52D-7A6B-42DA-80C2-9257C8908715}.Release|Any CPU.ActiveCfg = Release|Any CPU
		{C49CE52D-7A6B-42DA-80C2-9257C8908715}.Release|Any CPU.Build.0 = Release|Any CPU
	EndGlobalSection
	GlobalSection(SolutionProperties) = preSolution
		HideSolutionNode = FALSE
	EndGlobalSection
	GlobalSection(ExtensibilityGlobals) = postSolution
		SolutionGuid = {53BA390C-A22C-4063-BC3E-D209552A19B5}
	EndGlobalSection
EndGlobal
